
Microsoft Visual Studio Solution File, Format Version 12.00
# Visual Studio 15
VisualStudioVersion = 15.0.28010.2026
MinimumVisualStudioVersion = 10.0.40219.1
Project("{FAE04EC0-301F-11D3-BF4B-00C04F79EFBC}") = "ApiUsuarios1", "ApiUsuarios1\ApiUsuarios1.csproj", "{81792021-0250-462D-A39D-50D0F4B5E232}"
EndProject
Global
	GlobalSection(SolutionConfigurationPlatforms) = preSolution
		Debug|Any CPU = Debug|Any CPU
		Release|Any CPU = Release|Any CPU
	EndGlobalSection
	GlobalSection(ProjectConfigurationPlatforms) = postSolution
		{81792021-0250-462D-A39D-50D0F4B5E232}.Debug|Any CPU.ActiveCfg = Debug|Any CPU
		{81792021-0250-462D-A39D-50D0F4B5E232}.Debug|Any CPU.Build.0 = Debug|Any CPU
		{81792021-0250-462D-A39D-50D0F4B5E232}.Release|Any CPU.ActiveCfg = Release|Any CPU
		{81792021-0250-462D-A39D-50D0F4B5E232}.Release|Any CPU.Build.0 = Release|Any CPU
	EndGlobalSection
	GlobalSection(SolutionProperties) = preSolution
		HideSolutionNode = FALSE
	EndGlobalSection
	GlobalSection(ExtensibilityGlobals) = postSolution
		SolutionGuid = {EA1EDB5C-B0DC-4C06-AF17-71AE6E9D9455}
	EndGlobalSection
EndGlobal
