
Microsoft Visual Studio Solution File, Format Version 12.00
# Visual Studio 15
VisualStudioVersion = 15.0.28010.2026
MinimumVisualStudioVersion = 10.0.40219.1
Project("{9A19103F-16F7-4668-BE54-9A1E7A4F7556}") = "WebApplication1", "WebApplication1\WebApplication1.csproj", "{8F051A56-FAB2-4128-8046-1151A3E9A29D}"
EndProject
Global
	GlobalSection(SolutionConfigurationPlatforms) = preSolution
		Debug|Any CPU = Debug|Any CPU
		Release|Any CPU = Release|Any CPU
	EndGlobalSection
	GlobalSection(ProjectConfigurationPlatforms) = postSolution
		{8F051A56-FAB2-4128-8046-1151A3E9A29D}.Debug|Any CPU.ActiveCfg = Debug|Any CPU
		{8F051A56-FAB2-4128-8046-1151A3E9A29D}.Debug|Any CPU.Build.0 = Debug|Any CPU
		{8F051A56-FAB2-4128-8046-1151A3E9A29D}.Release|Any CPU.ActiveCfg = Release|Any CPU
		{8F051A56-FAB2-4128-8046-1151A3E9A29D}.Release|Any CPU.Build.0 = Release|Any CPU
	EndGlobalSection
	GlobalSection(SolutionProperties) = preSolution
		HideSolutionNode = FALSE
	EndGlobalSection
	GlobalSection(ExtensibilityGlobals) = postSolution
		SolutionGuid = {EA1EDB5C-B0DC-4C06-AF17-71AE6E9D9455}
	EndGlobalSection
EndGlobal
